
Microsoft Visual Studio Solution File, Format Version 12.00
# Visual Studio Version 17
VisualStudioVersion = 17.11.35327.3
MinimumVisualStudioVersion = 10.0.40219.1
Project("{FAE04EC0-301F-11D3-BF4B-00C04F79EFBC}") = "CoreEhsTest", "CoreEhsTest\CoreEhsTest.csproj", "{CB050F85-D7C8-4A5D-8ECD-9D9A903DC69E}"
EndProject
Global
	GlobalSection(SolutionConfigurationPlatforms) = preSolution
		Debug|Any CPU = Debug|Any CPU
		Release|Any CPU = Release|Any CPU
	EndGlobalSection
	GlobalSection(ProjectConfigurationPlatforms) = postSolution
		{CB050F85-D7C8-4A5D-8ECD-9D9A903DC69E}.Debug|Any CPU.ActiveCfg = Debug|Any CPU
		{CB050F85-D7C8-4A5D-8ECD-9D9A903DC69E}.Debug|Any CPU.Build.0 = Debug|Any CPU
		{CB050F85-D7C8-4A5D-8ECD-9D9A903DC69E}.Release|Any CPU.ActiveCfg = Release|Any CPU
		{CB050F85-D7C8-4A5D-8ECD-9D9A903DC69E}.Release|Any CPU.Build.0 = Release|Any CPU
	EndGlobalSection
	GlobalSection(SolutionProperties) = preSolution
		HideSolutionNode = FALSE
	EndGlobalSection
	GlobalSection(ExtensibilityGlobals) = postSolution
		SolutionGuid = {ABBB1A07-D0C8-4305-B0B3-A1104DD84942}
	EndGlobalSection
EndGlobal
